
Microsoft Visual Studio Solution File, Format Version 12.00
# Visual Studio Version 17
VisualStudioVersion = 17.8.34511.84
MinimumVisualStudioVersion = 10.0.40219.1
Project("{FAE04EC0-301F-11D3-BF4B-00C04F79EFBC}") = "FamilyOrganizer", "FamilyOrganizer.csproj", "{44545419-79DA-4993-B91C-31DF38E8B7F2}"
EndProject
Global
	GlobalSection(SolutionConfigurationPlatforms) = preSolution
		Debug|Any CPU = Debug|Any CPU
		Release|Any CPU = Release|Any CPU
	EndGlobalSection
	GlobalSection(ProjectConfigurationPlatforms) = postSolution
		{44545419-79DA-4993-B91C-31DF38E8B7F2}.Debug|Any CPU.ActiveCfg = Debug|Any CPU
		{44545419-79DA-4993-B91C-31DF38E8B7F2}.Debug|Any CPU.Build.0 = Debug|Any CPU
		{44545419-79DA-4993-B91C-31DF38E8B7F2}.Debug|Any CPU.Deploy.0 = Debug|Any CPU
		{44545419-79DA-4993-B91C-31DF38E8B7F2}.Release|Any CPU.ActiveCfg = Release|Any CPU
		{44545419-79DA-4993-B91C-31DF38E8B7F2}.Release|Any CPU.Build.0 = Release|Any CPU
		{44545419-79DA-4993-B91C-31DF38E8B7F2}.Release|Any CPU.Deploy.0 = Release|Any CPU
	EndGlobalSection
	GlobalSection(SolutionProperties) = preSolution
		HideSolutionNode = FALSE
	EndGlobalSection
	GlobalSection(ExtensibilityGlobals) = postSolution
		SolutionGuid = {A9C0AC8F-CF62-40F1-B502-208CC2041FBF}
	EndGlobalSection
EndGlobal
